
Microsoft Visual Studio Solution File, Format Version 12.00
# Visual Studio Version 17
VisualStudioVersion = 17.0.32014.148
MinimumVisualStudioVersion = 10.0.40219.1
Project("{2150E333-8FDC-42A3-9474-1A3956D46DE8}") = "Solution Items", "Solution Items", "{3A3CA428-B7A3-4E50-BB9C-0D2A131951E6}"
	ProjectSection(SolutionItems) = preProject
		.editorconfig = .editorconfig
		.gitattributes = .gitattributes
		.gitignore = .gitignore
		appveyor.yml = appveyor.yml
		codecov.yml = codecov.yml
		src\Directory.Build.props = src\Directory.Build.props
		LICENSE = LICENSE
		README.md = README.md
		sampleinstallation.md = sampleinstallation.md
	EndProjectSection
EndProject
Project("{9A19103F-16F7-4668-BE54-9A1E7A4F7556}") = "MinimigLib", "src\MinimigLib\MinimigLib.csproj", "{7DED586A-754A-4555-A080-69A345B2D8AB}"
EndProject
Project("{9A19103F-16F7-4668-BE54-9A1E7A4F7556}") = "Minimig", "src\Minimig\Minimig.csproj", "{58AAD572-E4FD-4E92-A237-CFA54AFA1A6E}"
EndProject
Project("{9A19103F-16F7-4668-BE54-9A1E7A4F7556}") = "MinimigTests", "tests\MinimigTests.csproj", "{62A21921-5700-4B1D-8A0C-7B4A07B39953}"
EndProject
Project("{2150E333-8FDC-42A3-9474-1A3956D46DE8}") = ".docker", ".docker", "{A2843030-4498-4767-8887-5884ED27A225}"
	ProjectSection(SolutionItems) = preProject
		.docker\.env = .docker\.env
		.docker\build-docker-compose-localhost.md = .docker\build-docker-compose-localhost.md
		.docker\docker-compose.yml = .docker\docker-compose.yml
	EndProjectSection
EndProject
Project("{2150E333-8FDC-42A3-9474-1A3956D46DE8}") = ".github", ".github", "{02EA681E-C7D8-13C7-8484-4AC65E1B71E8}"
	ProjectSection(SolutionItems) = preProject
		.github\dependabot.yml = .github\dependabot.yml
	EndProjectSection
EndProject
Global
	GlobalSection(SolutionConfigurationPlatforms) = preSolution
		Debug|Any CPU = Debug|Any CPU
		Release|Any CPU = Release|Any CPU
	EndGlobalSection
	GlobalSection(ProjectConfigurationPlatforms) = postSolution
		{7DED586A-754A-4555-A080-69A345B2D8AB}.Debug|Any CPU.ActiveCfg = Debug|Any CPU
		{7DED586A-754A-4555-A080-69A345B2D8AB}.Debug|Any CPU.Build.0 = Debug|Any CPU
		{7DED586A-754A-4555-A080-69A345B2D8AB}.Release|Any CPU.ActiveCfg = Release|Any CPU
		{7DED586A-754A-4555-A080-69A345B2D8AB}.Release|Any CPU.Build.0 = Release|Any CPU
		{58AAD572-E4FD-4E92-A237-CFA54AFA1A6E}.Debug|Any CPU.ActiveCfg = Debug|Any CPU
		{58AAD572-E4FD-4E92-A237-CFA54AFA1A6E}.Debug|Any CPU.Build.0 = Debug|Any CPU
		{58AAD572-E4FD-4E92-A237-CFA54AFA1A6E}.Release|Any CPU.ActiveCfg = Release|Any CPU
		{58AAD572-E4FD-4E92-A237-CFA54AFA1A6E}.Release|Any CPU.Build.0 = Release|Any CPU
		{62A21921-5700-4B1D-8A0C-7B4A07B39953}.Debug|Any CPU.ActiveCfg = Debug|Any CPU
		{62A21921-5700-4B1D-8A0C-7B4A07B39953}.Debug|Any CPU.Build.0 = Debug|Any CPU
		{62A21921-5700-4B1D-8A0C-7B4A07B39953}.Release|Any CPU.ActiveCfg = Release|Any CPU
		{62A21921-5700-4B1D-8A0C-7B4A07B39953}.Release|Any CPU.Build.0 = Release|Any CPU
	EndGlobalSection
	GlobalSection(SolutionProperties) = preSolution
		HideSolutionNode = FALSE
	EndGlobalSection
	GlobalSection(NestedProjects) = preSolution
		{A2843030-4498-4767-8887-5884ED27A225} = {3A3CA428-B7A3-4E50-BB9C-0D2A131951E6}
		{02EA681E-C7D8-13C7-8484-4AC65E1B71E8} = {3A3CA428-B7A3-4E50-BB9C-0D2A131951E6}
	EndGlobalSection
	GlobalSection(ExtensibilityGlobals) = postSolution
		SolutionGuid = {DDE8061B-A0E1-477F-BC01-C2AE44E8FA18}
	EndGlobalSection
EndGlobal
